
Microsoft Visual Studio Solution File, Format Version 12.00
Project("{FAE04EC0-301F-11D3-BF4B-00C04F79EFBC}") = "Week3Assinment", "Week3Assinment\Week3Assinment.csproj", "{8D9DCF14-1042-4A20-8CD5-7C1D4F89A4B8}"
EndProject
Global
	GlobalSection(SolutionConfigurationPlatforms) = preSolution
		Debug|Any CPU = Debug|Any CPU
		Release|Any CPU = Release|Any CPU
	EndGlobalSection
	GlobalSection(ProjectConfigurationPlatforms) = postSolution
		{8D9DCF14-1042-4A20-8CD5-7C1D4F89A4B8}.Debug|Any CPU.ActiveCfg = Debug|Any CPU
		{8D9DCF14-1042-4A20-8CD5-7C1D4F89A4B8}.Debug|Any CPU.Build.0 = Debug|Any CPU
		{8D9DCF14-1042-4A20-8CD5-7C1D4F89A4B8}.Release|Any CPU.ActiveCfg = Release|Any CPU
		{8D9DCF14-1042-4A20-8CD5-7C1D4F89A4B8}.Release|Any CPU.Build.0 = Release|Any CPU
	EndGlobalSection
EndGlobal
